Microsoft Visual Studio Solution File, Format Version 12.00
# Visual Studio Version 17
VisualStudioVersion = 17.5.33414.496
MinimumVisualStudioVersion = 10.0.40219.1
Project("{9A19103F-16F7-4668-BE54-9A1E7A4F7556}") = "HomeExpenses.Gateway", "HomeExpenses.Gateway\HomeExpenses.Gateway.csproj", "{0A270FDD-2735-4200-8A45-9E73FED9C2F7}"
EndProject
Project("{9A19103F-16F7-4668-BE54-9A1E7A4F7556}") = "HomeExpenses.Tracking.API", "HomeExpenses.Tracking\HomeExpenses.Tracking.API\HomeExpenses.Tracking.API.csproj", "{0E35E26E-7289-4275-8FB0-9A6048C739BE}"
EndProject
Project("{2150E333-8FDC-42A3-9474-1A3956D46DE8}") = "HomeExpenses.Tracking", "HomeExpenses.Tracking", "{C9E6D661-2127-439C-A937-FA4B14EFCDB6}"
EndProject
Project("{FAE04EC0-301F-11D3-BF4B-00C04F79EFBC}") = "HomeExpenses.Tracking.Domain", "HomeExpenses.Tracking.Domain\HomeExpenses.Tracking.Domain.csproj", "{B6DB315D-DC34-4701-A03D-4964B63399BD}"
EndProject
Project("{FAE04EC0-301F-11D3-BF4B-00C04F79EFBC}") = "HomeExpenses.Tracking.Application", "HomeExpenses.Tracking.Application\HomeExpenses.Tracking.Application.csproj", "{3F10F694-EDA1-4A37-8B3B-72DD1C505EE4}"
EndProject
Global
	GlobalSection(SolutionConfigurationPlatforms) = preSolution
		Debug|Any CPU = Debug|Any CPU
		Release|Any CPU = Release|Any CPU
	EndGlobalSection
	GlobalSection(ProjectConfigurationPlatforms) = postSolution
		{0A270FDD-2735-4200-8A45-9E73FED9C2F7}.Debug|Any CPU.ActiveCfg = Debug|Any CPU
		{0A270FDD-2735-4200-8A45-9E73FED9C2F7}.Debug|Any CPU.Build.0 = Debug|Any CPU
		{0A270FDD-2735-4200-8A45-9E73FED9C2F7}.Release|Any CPU.ActiveCfg = Release|Any CPU
		{0A270FDD-2735-4200-8A45-9E73FED9C2F7}.Release|Any CPU.Build.0 = Release|Any CPU
		{0E35E26E-7289-4275-8FB0-9A6048C739BE}.Debug|Any CPU.ActiveCfg = Debug|Any CPU
		{0E35E26E-7289-4275-8FB0-9A6048C739BE}.Debug|Any CPU.Build.0 = Debug|Any CPU
		{0E35E26E-7289-4275-8FB0-9A6048C739BE}.Release|Any CPU.ActiveCfg = Release|Any CPU
		{0E35E26E-7289-4275-8FB0-9A6048C739BE}.Release|Any CPU.Build.0 = Release|Any CPU
		{B6DB315D-DC34-4701-A03D-4964B63399BD}.Debug|Any CPU.ActiveCfg = Debug|Any CPU
		{B6DB315D-DC34-4701-A03D-4964B63399BD}.Debug|Any CPU.Build.0 = Debug|Any CPU
		{B6DB315D-DC34-4701-A03D-4964B63399BD}.Release|Any CPU.ActiveCfg = Release|Any CPU
		{B6DB315D-DC34-4701-A03D-4964B63399BD}.Release|Any CPU.Build.0 = Release|Any CPU
		{3F10F694-EDA1-4A37-8B3B-72DD1C505EE4}.Debug|Any CPU.ActiveCfg = Debug|Any CPU
		{3F10F694-EDA1-4A37-8B3B-72DD1C505EE4}.Debug|Any CPU.Build.0 = Debug|Any CPU
		{3F10F694-EDA1-4A37-8B3B-72DD1C505EE4}.Release|Any CPU.ActiveCfg = Release|Any CPU
		{3F10F694-EDA1-4A37-8B3B-72DD1C505EE4}.Release|Any CPU.Build.0 = Release|Any CPU
	EndGlobalSection
	GlobalSection(SolutionProperties) = preSolution
		HideSolutionNode = FALSE
	EndGlobalSection
	GlobalSection(NestedProjects) = preSolution
		{0E35E26E-7289-4275-8FB0-9A6048C739BE} = {C9E6D661-2127-439C-A937-FA4B14EFCDB6}
		{B6DB315D-DC34-4701-A03D-4964B63399BD} = {C9E6D661-2127-439C-A937-FA4B14EFCDB6}
		{3F10F694-EDA1-4A37-8B3B-72DD1C505EE4} = {C9E6D661-2127-439C-A937-FA4B14EFCDB6}
	EndGlobalSection
	GlobalSection(ExtensibilityGlobals) = postSolution
		SolutionGuid = {FD90DDE9-4112-4DCB-BFEC-1789C7D1304E}
	EndGlobalSection
EndGlobal
